Microsoft Visual Studio Solution File, Format Version 12.00
# Visual Studio Version 17
VisualStudioVersion = 17.5.2.0
MinimumVisualStudioVersion = 10.0.40219.1
Project("{FAE04EC0-301F-11D3-BF4B-00C04F79EFBC}") = "AriasF_inmobiliaria", "AriasF_inmobiliaria.csproj", "{3EE2AB5F-483B-0020-6E77-5AA285BF20EB}"
EndProject
Global
	GlobalSection(SolutionConfigurationPlatforms) = preSolution
		Debug|Any CPU = Debug|Any CPU
		Release|Any CPU = Release|Any CPU
	EndGlobalSection
	GlobalSection(ProjectConfigurationPlatforms) = postSolution
		{3EE2AB5F-483B-0020-6E77-5AA285BF20EB}.Debug|Any CPU.ActiveCfg = Debug|Any CPU
		{3EE2AB5F-483B-0020-6E77-5AA285BF20EB}.Debug|Any CPU.Build.0 = Debug|Any CPU
		{3EE2AB5F-483B-0020-6E77-5AA285BF20EB}.Release|Any CPU.ActiveCfg = Release|Any CPU
		{3EE2AB5F-483B-0020-6E77-5AA285BF20EB}.Release|Any CPU.Build.0 = Release|Any CPU
	EndGlobalSection
	GlobalSection(SolutionProperties) = preSolution
		HideSolutionNode = FALSE
	EndGlobalSection
	GlobalSection(ExtensibilityGlobals) = postSolution
		SolutionGuid = {ABEC389B-83E9-40A7-881C-AF5E6474FAB1}
	EndGlobalSection
EndGlobal
